// !$*UTF8*$!
{
	archiveVersion = 1;
	classes = {
	};
	objectVersion = 46;
	objects = {

/* Begin PBXBuildFile section */
		1A4BA56B1C2B31EE00D84B39 /* AppDelegate.swift in Sources */ = {isa = PBXBuildFile; fileRef = 1A4BA56A1C2B31EE00D84B39 /* AppDelegate.swift */; };
		1A4BA56D1C2B31EE00D84B39 /* FlashcardVC.swift in Sources */ = {isa = PBXBuildFile; fileRef = 1A4BA56C1C2B31EE00D84B39 /* FlashcardVC.swift */; };
		1A4BA5701C2B31EE00D84B39 /* Main.storyboard in Resources */ = {isa = PBXBuildFile; fileRef = 1A4BA56E1C2B31EE00D84B39 /* Main.storyboard */; };
		1A4BA5721C2B31EE00D84B39 /* Assets.xcassets in Resources */ = {isa = PBXBuildFile; fileRef = 1A4BA5711C2B31EE00D84B39 /* Assets.xcassets */; };
		1A4BA5751C2B31EE00D84B39 /* LaunchScreen.storyboard in Resources */ = {isa = PBXBuildFile; fileRef = 1A4BA5731C2B31EE00D84B39 /* LaunchScreen.storyboard */; };
		1A4BA57D1C2B31FF00D84B39 /* Markdown.swift in Sources */ = {isa = PBXBuildFile; fileRef = 1A4BA57C1C2B31FF00D84B39 /* Markdown.swift */; };
		1A4BA57F1C2B528600D84B39 /* FrontHeader.html in Resources */ = {isa = PBXBuildFile; fileRef = 1A4BA57E1C2B528600D84B39 /* FrontHeader.html */; };
		1A4BA5851C2B575000D84B39 /* Footer.html in Resources */ = {isa = PBXBuildFile; fileRef = 1A4BA5841C2B575000D84B39 /* Footer.html */; };
		1A4BA5871C2C697300D84B39 /* BackHeader.html in Resources */ = {isa = PBXBuildFile; fileRef = 1A4BA5861C2C697300D84B39 /* BackHeader.html */; };
		1A4BA5891C2C6BCD00D84B39 /* Flashcard.swift in Sources */ = {isa = PBXBuildFile; fileRef = 1A4BA5881C2C6BCD00D84B39 /* Flashcard.swift */; };
		1A4BA58B1C2C7BAF00D84B39 /* MainVC.swift in Sources */ = {isa = PBXBuildFile; fileRef = 1A4BA58A1C2C7BAF00D84B39 /* MainVC.swift */; };
		BF70A24A1C346592002B93E8 /* FlashCardView.swift in Sources */ = {isa = PBXBuildFile; fileRef = BF70A2491C346592002B93E8 /* FlashCardView.swift */; };
		BFD8B85F1C32F58E00179F5F /* MathJax in Resources */ = {isa = PBXBuildFile; fileRef = BFD8B85E1C32F58E00179F5F /* MathJax */; };
		BFD8B8631C33408100179F5F /* front.html in Resources */ = {isa = PBXBuildFile; fileRef = BFD8B8621C33408100179F5F /* front.html */; };
		BFD8B8651C33408C00179F5F /* back.html in Resources */ = {isa = PBXBuildFile; fileRef = BFD8B8641C33408C00179F5F /* back.html */; };
		BFD8B8671C337E1500179F5F /* Functions.swift in Sources */ = {isa = PBXBuildFile; fileRef = BFD8B8661C337E1500179F5F /* Functions.swift */; };
/* End PBXBuildFile section */

/* Begin PBXFileReference section */
		1A4BA5671C2B31EE00D84B39 /* test-markdown.app */ = {isa = PBXFileReference; explicitFileType = wrapper.application; includeInIndex = 0; path = "test-markdown.app"; sourceTree = BUILT_PRODUCTS_DIR; };
		1A4BA56A1C2B31EE00D84B39 /* AppDelegate.swift */ = {isa = PBXFileReference; lastKnownFileType = sourcecode.swift; path = AppDelegate.swift; sourceTree = "<group>"; };
		1A4BA56C1C2B31EE00D84B39 /* FlashcardVC.swift */ = {isa = PBXFileReference; lastKnownFileType = sourcecode.swift; path = FlashcardVC.swift; sourceTree = "<group>"; };
		1A4BA56F1C2B31EE00D84B39 /* Base */ = {isa = PBXFileReference; lastKnownFileType = file.storyboard; name = Base; path = Base.lproj/Main.storyboard; sourceTree = "<group>"; };
		1A4BA5711C2B31EE00D84B39 /* Assets.xcassets */ = {isa = PBXFileReference; lastKnownFileType = folder.assetcatalog; path = Assets.xcassets; sourceTree = "<group>"; };
		1A4BA5741C2B31EE00D84B39 /* Base */ = {isa = PBXFileReference; lastKnownFileType = file.storyboard; name = Base; path = Base.lproj/LaunchScreen.storyboard; sourceTree = "<group>"; };
		1A4BA5761C2B31EE00D84B39 /* Info.plist */ = {isa = PBXFileReference; lastKnownFileType = text.plist.xml; path = Info.plist; sourceTree = "<group>"; };
		1A4BA57C1C2B31FF00D84B39 /* Markdown.swift */ = {isa = PBXFileReference; fileEncoding = 4; lastKnownFileType = sourcecode.swift; path = Markdown.swift; sourceTree = "<group>"; };
		1A4BA57E1C2B528600D84B39 /* FrontHeader.html */ = {isa = PBXFileReference; explicitFileType = text.html; fileEncoding = 4; path = FrontHeader.html; sourceTree = "<group>"; };
		1A4BA5841C2B575000D84B39 /* Footer.html */ = {isa = PBXFileReference; explicitFileType = text.html; fileEncoding = 4; path = Footer.html; sourceTree = "<group>"; };
		1A4BA5861C2C697300D84B39 /* BackHeader.html */ = {isa = PBXFileReference; fileEncoding = 4; lastKnownFileType = text.html; path = BackHeader.html; sourceTree = "<group>"; };
		1A4BA5881C2C6BCD00D84B39 /* Flashcard.swift */ = {isa = PBXFileReference; fileEncoding = 4; lastKnownFileType = sourcecode.swift; path = Flashcard.swift; sourceTree = "<group>"; };
		1A4BA58A1C2C7BAF00D84B39 /* MainVC.swift */ = {isa = PBXFileReference; fileEncoding = 4; lastKnownFileType = sourcecode.swift; path = MainVC.swift; sourceTree = "<group>"; };
		BF70A2491C346592002B93E8 /* FlashCardView.swift */ = {isa = PBXFileReference; fileEncoding = 4; lastKnownFileType = sourcecode.swift; path = FlashCardView.swift; sourceTree = "<group>"; };
		BFD8B85E1C32F58E00179F5F /* MathJax */ = {isa = PBXFileReference; lastKnownFileType = folder; path = MathJax; sourceTree = "<group>"; };
		BFD8B8621C33408100179F5F /* front.html */ = {isa = PBXFileReference; fileEncoding = 4; lastKnownFileType = text.html; path = front.html; sourceTree = "<group>"; };
		BFD8B8641C33408C00179F5F /* back.html */ = {isa = PBXFileReference; fileEncoding = 4; lastKnownFileType = text.html; path = back.html; sourceTree = "<group>"; };
		BFD8B8661C337E1500179F5F /* Functions.swift */ = {isa = PBXFileReference; fileEncoding = 4; lastKnownFileType = sourcecode.swift; path = Functions.swift; sourceTree = "<group>"; };
/* End PBXFileReference section */

/* Begin PBXFrameworksBuildPhase section */
		1A4BA5641C2B31EE00D84B39 /* Frameworks */ = {
			isa = PBXFrameworksBuildPhase;
			buildActionMask = 2147483647;
			files = (
			);
			runOnlyForDeploymentPostprocessing = 0;
		};
/* End PBXFrameworksBuildPhase section */

/* Begin PBXGroup section */
		1A4BA55E1C2B31EE00D84B39 = {
			isa = PBXGroup;
			children = (
				1A4BA5691C2B31EE00D84B39 /* test-markdown */,
				1A4BA5681C2B31EE00D84B39 /* Products */,
			);
			sourceTree = "<group>";
		};
		1A4BA5681C2B31EE00D84B39 /* Products */ = {
			isa = PBXGroup;
			children = (
				1A4BA5671C2B31EE00D84B39 /* test-markdown.app */,
			);
			name = Products;
			sourceTree = "<group>";
		};
		1A4BA5691C2B31EE00D84B39 /* test-markdown */ = {
			isa = PBXGroup;
			children = (
				BF70A24F1C3465DA002B93E8 /* Resources */,
				BF70A24B1C346598002B93E8 /* Model */,
				BF70A24D1C3465A9002B93E8 /* View */,
				BF70A24E1C3465B6002B93E8 /* Controller */,
				BFD8B85E1C32F58E00179F5F /* MathJax */,
				1A4BA56E1C2B31EE00D84B39 /* Main.storyboard */,
				1A4BA5711C2B31EE00D84B39 /* Assets.xcassets */,
				1A4BA5731C2B31EE00D84B39 /* LaunchScreen.storyboard */,
				1A4BA5761C2B31EE00D84B39 /* Info.plist */,
			);
			path = "test-markdown";
			sourceTree = "<group>";
		};
		BF70A24B1C346598002B93E8 /* Model */ = {
			isa = PBXGroup;
			children = (
				1A4BA57C1C2B31FF00D84B39 /* Markdown.swift */,
				1A4BA56A1C2B31EE00D84B39 /* AppDelegate.swift */,
				BFD8B8661C337E1500179F5F /* Functions.swift */,
				1A4BA5881C2C6BCD00D84B39 /* Flashcard.swift */,
			);
			name = Model;
			sourceTree = "<group>";
		};
		BF70A24D1C3465A9002B93E8 /* View */ = {
			isa = PBXGroup;
			children = (
				BF70A2491C346592002B93E8 /* FlashCardView.swift */,
			);
			name = View;
			sourceTree = "<group>";
		};
		BF70A24E1C3465B6002B93E8 /* Controller */ = {
			isa = PBXGroup;
			children = (
				1A4BA56C1C2B31EE00D84B39 /* FlashcardVC.swift */,
				1A4BA58A1C2C7BAF00D84B39 /* MainVC.swift */,
			);
			name = Controller;
			sourceTree = "<group>";
		};
		BF70A24F1C3465DA002B93E8 /* Resources */ = {
			isa = PBXGroup;
			children = (
				1A4BA57E1C2B528600D84B39 /* FrontHeader.html */,
				1A4BA5861C2C697300D84B39 /* BackHeader.html */,
				BFD8B8621C33408100179F5F /* front.html */,
				BFD8B8641C33408C00179F5F /* back.html */,
				1A4BA5841C2B575000D84B39 /* Footer.html */,
			);
			name = Resources;
			sourceTree = "<group>";
		};
/* End PBXGroup section */

/* Begin PBXNativeTarget section */
		1A4BA5661C2B31EE00D84B39 /* test-markdown */ = {
			isa = PBXNativeTarget;
			buildConfigurationList = 1A4BA5791C2B31EE00D84B39 /* Build configuration list for PBXNativeTarget "test-markdown" */;
			buildPhases = (
				1A4BA5631C2B31EE00D84B39 /* Sources */,
				1A4BA5641C2B31EE00D84B39 /* Frameworks */,
				1A4BA5651C2B31EE00D84B39 /* Resources */,
			);
			buildRules = (
			);
			dependencies = (
			);
			name = "test-markdown";
			productName = "test-markdown";
			productReference = 1A4BA5671C2B31EE00D84B39 /* test-markdown.app */;
			productType = "com.apple.product-type.application";
		};
/* End PBXNativeTarget section */

/* Begin PBXProject section */
		1A4BA55F1C2B31EE00D84B39 /* Project object */ = {
			isa = PBXProject;
			attributes = {
				LastSwiftUpdateCheck = 0720;
				LastUpgradeCheck = 0720;
				ORGANIZATIONNAME = "The Infinite Actuary";
				TargetAttributes = {
					1A4BA5661C2B31EE00D84B39 = {
						CreatedOnToolsVersion = 7.2;
						DevelopmentTeam = PQ3HEEN697;
					};
				};
			};
			buildConfigurationList = 1A4BA5621C2B31EE00D84B39 /* Build configuration list for PBXProject "test-markdown" */;
			compatibilityVersion = "Xcode 3.2";
			developmentRegion = English;
			hasScannedForEncodings = 0;
			knownRegions = (
				en,
				Base,
			);
			mainGroup = 1A4BA55E1C2B31EE00D84B39;
			productRefGroup = 1A4BA5681C2B31EE00D84B39 /* Products */;
			projectDirPath = "";
			projectRoot = "";
			targets = (
				1A4BA5661C2B31EE00D84B39 /* test-markdown */,
			);
		};
/* End PBXProject section */

/* Begin PBXResourcesBuildPhase section */
		1A4BA5651C2B31EE00D84B39 /* Resources */ = {
			isa = PBXResourcesBuildPhase;
			buildActionMask = 2147483647;
			files = (
				BFD8B8651C33408C00179F5F /* back.html in Resources */,
				1A4BA5751C2B31EE00D84B39 /* LaunchScreen.storyboard in Resources */,
				1A4BA5871C2C697300D84B39 /* BackHeader.html in Resources */,
				1A4BA5721C2B31EE00D84B39 /* Assets.xcassets in Resources */,
				BFD8B85F1C32F58E00179F5F /* MathJax in Resources */,
				BFD8B8631C33408100179F5F /* front.html in Resources */,
				1A4BA5851C2B575000D84B39 /* Footer.html in Resources */,
				1A4BA57F1C2B528600D84B39 /* FrontHeader.html in Resources */,
				1A4BA5701C2B31EE00D84B39 /* Main.storyboard in Resources */,
			);
			runOnlyForDeploymentPostprocessing = 0;
		};
/* End PBXResourcesBuildPhase section */

/* Begin PBXSourcesBuildPhase section */
		1A4BA5631C2B31EE00D84B39 /* Sources */ = {
			isa = PBXSourcesBuildPhase;
			buildActionMask = 2147483647;
			files = (
				1A4BA56D1C2B31EE00D84B39 /* FlashcardVC.swift in Sources */,
				BF70A24A1C346592002B93E8 /* FlashCardView.swift in Sources */,
				1A4BA58B1C2C7BAF00D84B39 /* MainVC.swift in Sources */,
				1A4BA57D1C2B31FF00D84B39 /* Markdown.swift in Sources */,
				BFD8B8671C337E1500179F5F /* Functions.swift in Sources */,
				1A4BA5891C2C6BCD00D84B39 /* Flashcard.swift in Sources */,
				1A4BA56B1C2B31EE00D84B39 /* AppDelegate.swift in Sources */,
			);
			runOnlyForDeploymentPostprocessing = 0;
		};
/* End PBXSourcesBuildPhase section */

/* Begin PBXVariantGroup section */
		1A4BA56E1C2B31EE00D84B39 /* Main.storyboard */ = {
			isa = PBXVariantGroup;
			children = (
				1A4BA56F1C2B31EE00D84B39 /* Base */,
			);
			name = Main.storyboard;
			sourceTree = "<group>";
		};
		1A4BA5731C2B31EE00D84B39 /* LaunchScreen.storyboard */ = {
			isa = PBXVariantGroup;
			children = (
				1A4BA5741C2B31EE00D84B39 /* Base */,
			);
			name = LaunchScreen.storyboard;
			sourceTree = "<group>";
		};
/* End PBXVariantGroup section */

/* Begin XCBuildConfiguration section */
		1A4BA5771C2B31EE00D84B39 /* Debug */ = {
			isa = XCBuildConfiguration;
			buildSettings = {
				ALWAYS_SEARCH_USER_PATHS = NO;
				CLANG_CXX_LANGUAGE_STANDARD = "gnu++0x";
				CLANG_CXX_LIBRARY = "libc++";
				CLANG_ENABLE_MODULES = YES;
				CLANG_ENABLE_OBJC_ARC = YES;
				CLANG_WARN_BOOL_CONVERSION = YES;
				CLANG_WARN_CONSTANT_CONVERSION = YES;
				CLANG_WARN_DIRECT_OBJC_ISA_USAGE = YES_ERROR;
				CLANG_WARN_EMPTY_BODY = YES;
				CLANG_WARN_ENUM_CONVERSION = YES;
				CLANG_WARN_INT_CONVERSION = YES;
				CLANG_WARN_OBJC_ROOT_CLASS = YES_ERROR;
				CLANG_WARN_UNREACHABLE_CODE = YES;
				CLANG_WARN__DUPLICATE_METHOD_MATCH = YES;
				"CODE_SIGN_IDENTITY[sdk=iphoneos*]" = "iPhone Developer";
				COPY_PHASE_STRIP = NO;
				DEBUG_INFORMATION_FORMAT = dwarf;
				ENABLE_STRICT_OBJC_MSGSEND = YES;
				ENABLE_TESTABILITY = YES;
				GCC_C_LANGUAGE_STANDARD = gnu99;
				GCC_DYNAMIC_NO_PIC = NO;
				GCC_NO_COMMON_BLOCKS = YES;
				GCC_OPTIMIZATION_LEVEL = 0;
				GCC_PREPROCESSOR_DEFINITIONS = (
					"DEBUG=1",
					"$(inherited)",
				);
				GCC_WARN_64_TO_32_BIT_CONVERSION = YES;
				GCC_WARN_ABOUT_RETURN_TYPE = YES_ERROR;
				GCC_WARN_UNDECLARED_SELECTOR = YES;
				GCC_WARN_UNINITIALIZED_AUTOS = YES_AGGRESSIVE;
				GCC_WARN_UNUSED_FUNCTION = YES;
				GCC_WARN_UNUSED_VARIABLE = YES;
				IPHONEOS_DEPLOYMENT_TARGET = 9.2;
				MTL_ENABLE_DEBUG_INFO = YES;
				ONLY_ACTIVE_ARCH = YES;
				SDKROOT = iphoneos;
				SWIFT_OPTIMIZATION_LEVEL = "-Onone";
				TARGETED_DEVICE_FAMILY = "1,2";
			};
			name = Debug;
		};
		1A4BA5781C2B31EE00D84B39 /* Release */ = {
			isa = XCBuildConfiguration;
			buildSettings = {
				ALWAYS_SEARCH_USER_PATHS = NO;
				CLANG_CXX_LANGUAGE_STANDARD = "gnu++0x";
				CLANG_CXX_LIBRARY = "libc++";
				CLANG_ENABLE_MODULES = YES;
				CLANG_ENABLE_OBJC_ARC = YES;
				CLANG_WARN_BOOL_CONVERSION = YES;
				CLANG_WARN_CONSTANT_CONVERSION = YES;
				CLANG_WARN_DIRECT_OBJC_ISA_USAGE = YES_ERROR;
				CLANG_WARN_EMPTY_BODY = YES;
				CLANG_WARN_ENUM_CONVERSION = YES;
				CLANG_WARN_INT_CONVERSION = YES;
				CLANG_WARN_OBJC_ROOT_CLASS = YES_ERROR;
				CLANG_WARN_UNREACHABLE_CODE = YES;
				CLANG_WARN__DUPLICATE_METHOD_MATCH = YES;
				"CODE_SIGN_IDENTITY[sdk=iphoneos*]" = "iPhone Developer";
				COPY_PHASE_STRIP = NO;
				DEBUG_INFORMATION_FORMAT = "dwarf-with-dsym";
				ENABLE_NS_ASSERTIONS = NO;
				ENABLE_STRICT_OBJC_MSGSEND = YES;
				GCC_C_LANGUAGE_STANDARD = gnu99;
				GCC_NO_COMMON_BLOCKS = YES;
				GCC_WARN_64_TO_32_BIT_CONVERSION = YES;
				GCC_WARN_ABOUT_RETURN_TYPE = YES_ERROR;
				GCC_WARN_UNDECLARED_SELECTOR = YES;
				GCC_WARN_UNINITIALIZED_AUTOS = YES_AGGRESSIVE;
				GCC_WARN_UNUSED_FUNCTION = YES;
				GCC_WARN_UNUSED_VARIABLE = YES;
				IPHONEOS_DEPLOYMENT_TARGET = 9.2;
				MTL_ENABLE_DEBUG_INFO = NO;
				SDKROOT = iphoneos;
				TARGETED_DEVICE_FAMILY = "1,2";
				VALIDATE_PRODUCT = YES;
			};
			name = Release;
		};
		1A4BA57A1C2B31EE00D84B39 /* Debug */ = {
			isa = XCBuildConfiguration;
			buildSettings = {
				ASSETCATALOG_COMPILER_APPICON_NAME = AppIcon;
				CODE_SIGN_IDENTITY = "iPhone Developer";
				"CODE_SIGN_IDENTITY[sdk=iphoneos*]" = "iPhone Developer";
				INFOPLIST_FILE = "test-markdown/Info.plist";
				LD_RUNPATH_SEARCH_PATHS = "$(inherited) @executable_path/Frameworks";
				PRODUCT_BUNDLE_IDENTIFIER = "com.theinfiniteactuary.test-markdown";
				PRODUCT_NAME = "$(TARGET_NAME)";
				PROVISIONING_PROFILE = "";
			};
			name = Debug;
		};
		1A4BA57B1C2B31EE00D84B39 /* Release */ = {
			isa = XCBuildConfiguration;
			buildSettings = {
				ASSETCATALOG_COMPILER_APPICON_NAME = AppIcon;
				CODE_SIGN_IDENTITY = "iPhone Developer";
				"CODE_SIGN_IDENTITY[sdk=iphoneos*]" = "iPhone Developer";
				INFOPLIST_FILE = "test-markdown/Info.plist";
				LD_RUNPATH_SEARCH_PATHS = "$(inherited) @executable_path/Frameworks";
				PRODUCT_BUNDLE_IDENTIFIER = "com.theinfiniteactuary.test-markdown";
				PRODUCT_NAME = "$(TARGET_NAME)";
				PROVISIONING_PROFILE = "";
			};
			name = Release;
		};
/* End XCBuildConfiguration section */

/* Begin XCConfigurationList section */
		1A4BA5621C2B31EE00D84B39 /* Build configuration list for PBXProject "test-markdown" */ = {
			isa = XCConfigurationList;
			buildConfigurations = (
				1A4BA5771C2B31EE00D84B39 /* Debug */,
				1A4BA5781C2B31EE00D84B39 /* Release */,
			);
			defaultConfigurationIsVisible = 0;
			defaultConfigurationName = Release;
		};
		1A4BA5791C2B31EE00D84B39 /* Build configuration list for PBXNativeTarget "test-markdown" */ = {
			isa = XCConfigurationList;
			buildConfigurations = (
				1A4BA57A1C2B31EE00D84B39 /* Debug */,
				1A4BA57B1C2B31EE00D84B39 /* Release */,
			);
			defaultConfigurationIsVisible = 0;
			defaultConfigurationName = Release;
		};
/* End XCConfigurationList section */
	};
	rootObject = 1A4BA55F1C2B31EE00D84B39 /* Project object */;
}
